github.com/singnet/platform-contracts v0.3.4 h1:zaQAZy3HhsiKPO4AWIePvUUuFQY6Oj7EHJc828CdxtY=
github.com/singnet/platform-contracts v0.3.4/go.mod h1:AAxR7UwmG7DAeUAEjpFvKFGmQ4+k1qp/IxaNUOnanNE=
github.com/singnet/snet-ecosystem-contracts v0.0.7 h1:mSy1WWKHn8To7Xar6AtFVoau+KyQyNdR+8QQkx5fC1E=
github.com/singnet/snet-ecosystem-contracts v0.0.7/go.mod h1:pe9L9p88E4yuzCEJ8EBD4YnbudQmNbnvvp+v/ELlutw=
